
Microsoft Visual Studio Solution File, Format Version 12.00
# Visual Studio Version 17
VisualStudioVersion = 17.4.33122.133
MinimumVisualStudioVersion = 10.0.40219.1
Project("{9A19103F-16F7-4668-BE54-9A1E7A4F7556}") = "GortanaGTP", "GortanaGTP.csproj", "{9B64DDE1-7CCD-4EEB-810B-57F2522AEBA5}"
EndProject
Project("{9A19103F-16F7-4668-BE54-9A1E7A4F7556}") = "ElevenLabsIO", "..\..\sandbox\ElevenLabsIO\ElevenLabsIO.csproj", "{16E2137F-6F02-40D2-8F43-FB5974040F20}"
EndProject
Project("{FAE04EC0-301F-11D3-BF4B-00C04F79EFBC}") = "AIRadioHost", "..\AIRadioHost\AIRadioHost.csproj", "{368FBD9D-D050-435A-8783-94BAB5090E12}"
EndProject
Project("{FAE04EC0-301F-11D3-BF4B-00C04F79EFBC}") = "AIRadioHostApp", "..\AIRadioHostApp\AIRadioHostApp.csproj", "{3E960778-163D-428E-8ECC-9204D4C85639}"
EndProject
Global
	GlobalSection(SolutionConfigurationPlatforms) = preSolution
		Debug|Any CPU = Debug|Any CPU
		Debug|ARM = Debug|ARM
		Debug|ARM64 = Debug|ARM64
		Debug|x64 = Debug|x64
		Debug|x86 = Debug|x86
		Release|Any CPU = Release|Any CPU
		Release|ARM = Release|ARM
		Release|ARM64 = Release|ARM64
		Release|x64 = Release|x64
		Release|x86 = Release|x86
	EndGlobalSection
	GlobalSection(ProjectConfigurationPlatforms) = postSolution
		{9B64DDE1-7CCD-4EEB-810B-57F2522AEBA5}.Debug|Any CPU.ActiveCfg = Debug|Any CPU
		{9B64DDE1-7CCD-4EEB-810B-57F2522AEBA5}.Debug|Any CPU.Build.0 = Debug|Any CPU
		{9B64DDE1-7CCD-4EEB-810B-57F2522AEBA5}.Debug|ARM.ActiveCfg = Debug|Any CPU
		{9B64DDE1-7CCD-4EEB-810B-57F2522AEBA5}.Debug|ARM.Build.0 = Debug|Any CPU
		{9B64DDE1-7CCD-4EEB-810B-57F2522AEBA5}.Debug|ARM64.ActiveCfg = Debug|Any CPU
		{9B64DDE1-7CCD-4EEB-810B-57F2522AEBA5}.Debug|ARM64.Build.0 = Debug|Any CPU
		{9B64DDE1-7CCD-4EEB-810B-57F2522AEBA5}.Debug|x64.ActiveCfg = Debug|Any CPU
		{9B64DDE1-7CCD-4EEB-810B-57F2522AEBA5}.Debug|x64.Build.0 = Debug|Any CPU
		{9B64DDE1-7CCD-4EEB-810B-57F2522AEBA5}.Debug|x86.ActiveCfg = Debug|Any CPU
		{9B64DDE1-7CCD-4EEB-810B-57F2522AEBA5}.Debug|x86.Build.0 = Debug|Any CPU
		{9B64DDE1-7CCD-4EEB-810B-57F2522AEBA5}.Release|Any CPU.ActiveCfg = Release|Any CPU
		{9B64DDE1-7CCD-4EEB-810B-57F2522AEBA5}.Release|Any CPU.Build.0 = Release|Any CPU
		{9B64DDE1-7CCD-4EEB-810B-57F2522AEBA5}.Release|ARM.ActiveCfg = Release|Any CPU
		{9B64DDE1-7CCD-4EEB-810B-57F2522AEBA5}.Release|ARM.Build.0 = Release|Any CPU
		{9B64DDE1-7CCD-4EEB-810B-57F2522AEBA5}.Release|ARM64.ActiveCfg = Release|Any CPU
		{9B64DDE1-7CCD-4EEB-810B-57F2522AEBA5}.Release|ARM64.Build.0 = Release|Any CPU
		{9B64DDE1-7CCD-4EEB-810B-57F2522AEBA5}.Release|x64.ActiveCfg = Release|Any CPU
		{9B64DDE1-7CCD-4EEB-810B-57F2522AEBA5}.Release|x64.Build.0 = Release|Any CPU
		{9B64DDE1-7CCD-4EEB-810B-57F2522AEBA5}.Release|x86.ActiveCfg = Release|Any CPU
		{9B64DDE1-7CCD-4EEB-810B-57F2522AEBA5}.Release|x86.Build.0 = Release|Any CPU
		{16E2137F-6F02-40D2-8F43-FB5974040F20}.Debug|Any CPU.ActiveCfg = Debug|Any CPU
		{16E2137F-6F02-40D2-8F43-FB5974040F20}.Debug|Any CPU.Build.0 = Debug|Any CPU
		{16E2137F-6F02-40D2-8F43-FB5974040F20}.Debug|ARM.ActiveCfg = Debug|Any CPU
		{16E2137F-6F02-40D2-8F43-FB5974040F20}.Debug|ARM.Build.0 = Debug|Any CPU
		{16E2137F-6F02-40D2-8F43-FB5974040F20}.Debug|ARM64.ActiveCfg = Debug|Any CPU
		{16E2137F-6F02-40D2-8F43-FB5974040F20}.Debug|ARM64.Build.0 = Debug|Any CPU
		{16E2137F-6F02-40D2-8F43-FB5974040F20}.Debug|x64.ActiveCfg = Debug|Any CPU
		{16E2137F-6F02-40D2-8F43-FB5974040F20}.Debug|x64.Build.0 = Debug|Any CPU
		{16E2137F-6F02-40D2-8F43-FB5974040F20}.Debug|x86.ActiveCfg = Debug|Any CPU
		{16E2137F-6F02-40D2-8F43-FB5974040F20}.Debug|x86.Build.0 = Debug|Any CPU
		{16E2137F-6F02-40D2-8F43-FB5974040F20}.Release|Any CPU.ActiveCfg = Release|Any CPU
		{16E2137F-6F02-40D2-8F43-FB5974040F20}.Release|Any CPU.Build.0 = Release|Any CPU
		{16E2137F-6F02-40D2-8F43-FB5974040F20}.Release|ARM.ActiveCfg = Release|Any CPU
		{16E2137F-6F02-40D2-8F43-FB5974040F20}.Release|ARM.Build.0 = Release|Any CPU
		{16E2137F-6F02-40D2-8F43-FB5974040F20}.Release|ARM64.ActiveCfg = Release|Any CPU
		{16E2137F-6F02-40D2-8F43-FB5974040F20}.Release|ARM64.Build.0 = Release|Any CPU
		{16E2137F-6F02-40D2-8F43-FB5974040F20}.Release|x64.ActiveCfg = Release|Any CPU
		{16E2137F-6F02-40D2-8F43-FB5974040F20}.Release|x64.Build.0 = Release|Any CPU
		{16E2137F-6F02-40D2-8F43-FB5974040F20}.Release|x86.ActiveCfg = Release|Any CPU
		{16E2137F-6F02-40D2-8F43-FB5974040F20}.Release|x86.Build.0 = Release|Any CPU
		{368FBD9D-D050-435A-8783-94BAB5090E12}.Debug|Any CPU.ActiveCfg = Debug|Any CPU
		{368FBD9D-D050-435A-8783-94BAB5090E12}.Debug|Any CPU.Build.0 = Debug|Any CPU
		{368FBD9D-D050-435A-8783-94BAB5090E12}.Debug|ARM.ActiveCfg = Debug|Any CPU
		{368FBD9D-D050-435A-8783-94BAB5090E12}.Debug|ARM.Build.0 = Debug|Any CPU
		{368FBD9D-D050-435A-8783-94BAB5090E12}.Debug|ARM64.ActiveCfg = Debug|Any CPU
		{368FBD9D-D050-435A-8783-94BAB5090E12}.Debug|ARM64.Build.0 = Debug|Any CPU
		{368FBD9D-D050-435A-8783-94BAB5090E12}.Debug|x64.ActiveCfg = Debug|Any CPU
		{368FBD9D-D050-435A-8783-94BAB5090E12}.Debug|x64.Build.0 = Debug|Any CPU
		{368FBD9D-D050-435A-8783-94BAB5090E12}.Debug|x86.ActiveCfg = Debug|Any CPU
		{368FBD9D-D050-435A-8783-94BAB5090E12}.Debug|x86.Build.0 = Debug|Any CPU
		{368FBD9D-D050-435A-8783-94BAB5090E12}.Release|Any CPU.ActiveCfg = Release|Any CPU
		{368FBD9D-D050-435A-8783-94BAB5090E12}.Release|Any CPU.Build.0 = Release|Any CPU
		{368FBD9D-D050-435A-8783-94BAB5090E12}.Release|ARM.ActiveCfg = Release|Any CPU
		{368FBD9D-D050-435A-8783-94BAB5090E12}.Release|ARM.Build.0 = Release|Any CPU
		{368FBD9D-D050-435A-8783-94BAB5090E12}.Release|ARM64.ActiveCfg = Release|Any CPU
		{368FBD9D-D050-435A-8783-94BAB5090E12}.Release|ARM64.Build.0 = Release|Any CPU
		{368FBD9D-D050-435A-8783-94BAB5090E12}.Release|x64.ActiveCfg = Release|Any CPU
		{368FBD9D-D050-435A-8783-94BAB5090E12}.Release|x64.Build.0 = Release|Any CPU
		{368FBD9D-D050-435A-8783-94BAB5090E12}.Release|x86.ActiveCfg = Release|Any CPU
		{368FBD9D-D050-435A-8783-94BAB5090E12}.Release|x86.Build.0 = Release|Any CPU
		{3E960778-163D-428E-8ECC-9204D4C85639}.Debug|Any CPU.ActiveCfg = Debug|Any CPU
		{3E960778-163D-428E-8ECC-9204D4C85639}.Debug|Any CPU.Build.0 = Debug|Any CPU
		{3E960778-163D-428E-8ECC-9204D4C85639}.Debug|ARM.ActiveCfg = Debug|Any CPU
		{3E960778-163D-428E-8ECC-9204D4C85639}.Debug|ARM.Build.0 = Debug|Any CPU
		{3E960778-163D-428E-8ECC-9204D4C85639}.Debug|ARM64.ActiveCfg = Debug|Any CPU
		{3E960778-163D-428E-8ECC-9204D4C85639}.Debug|ARM64.Build.0 = Debug|Any CPU
		{3E960778-163D-428E-8ECC-9204D4C85639}.Debug|x64.ActiveCfg = Debug|Any CPU
		{3E960778-163D-428E-8ECC-9204D4C85639}.Debug|x64.Build.0 = Debug|Any CPU
		{3E960778-163D-428E-8ECC-9204D4C85639}.Debug|x86.ActiveCfg = Debug|Any CPU
		{3E960778-163D-428E-8ECC-9204D4C85639}.Debug|x86.Build.0 = Debug|Any CPU
		{3E960778-163D-428E-8ECC-9204D4C85639}.Release|Any CPU.ActiveCfg = Release|Any CPU
		{3E960778-163D-428E-8ECC-9204D4C85639}.Release|Any CPU.Build.0 = Release|Any CPU
		{3E960778-163D-428E-8ECC-9204D4C85639}.Release|ARM.ActiveCfg = Release|Any CPU
		{3E960778-163D-428E-8ECC-9204D4C85639}.Release|ARM.Build.0 = Release|Any CPU
		{3E960778-163D-428E-8ECC-9204D4C85639}.Release|ARM64.ActiveCfg = Release|Any CPU
		{3E960778-163D-428E-8ECC-9204D4C85639}.Release|ARM64.Build.0 = Release|Any CPU
		{3E960778-163D-428E-8ECC-9204D4C85639}.Release|x64.ActiveCfg = Release|Any CPU
		{3E960778-163D-428E-8ECC-9204D4C85639}.Release|x64.Build.0 = Release|Any CPU
		{3E960778-163D-428E-8ECC-9204D4C85639}.Release|x86.ActiveCfg = Release|Any CPU
		{3E960778-163D-428E-8ECC-9204D4C85639}.Release|x86.Build.0 = Release|Any CPU
	EndGlobalSection
	GlobalSection(SolutionProperties) = preSolution
		HideSolutionNode = FALSE
	EndGlobalSection
	GlobalSection(ExtensibilityGlobals) = postSolution
		SolutionGuid = {FB630263-2903-4BD2-B114-7E9B9C654F2B}
	EndGlobalSection
EndGlobal
